
Microsoft Visual Studio Solution File, Format Version 12.00
# Visual Studio Version 16
VisualStudioVersion = 16.0.31402.337
MinimumVisualStudioVersion = 10.0.40219.1
Project("{FAE04EC0-301F-11D3-BF4B-00C04F79EFBC}") = "AspnetWithReact", "AspnetWithReact\AspnetWithReact.csproj", "{66DF81D5-5B2A-41C9-BC40-4152584E47E1}"
EndProject
Global
	GlobalSection(SolutionConfigurationPlatforms) = preSolution
		Debug|Any CPU = Debug|Any CPU
		Release|Any CPU = Release|Any CPU
	EndGlobalSection
	GlobalSection(ProjectConfigurationPlatforms) = postSolution
		{66DF81D5-5B2A-41C9-BC40-4152584E47E1}.Debug|Any CPU.ActiveCfg = Debug|Any CPU
		{66DF81D5-5B2A-41C9-BC40-4152584E47E1}.Debug|Any CPU.Build.0 = Debug|Any CPU
		{66DF81D5-5B2A-41C9-BC40-4152584E47E1}.Release|Any CPU.ActiveCfg = Release|Any CPU
		{66DF81D5-5B2A-41C9-BC40-4152584E47E1}.Release|Any CPU.Build.0 = Release|Any CPU
	EndGlobalSection
	GlobalSection(SolutionProperties) = preSolution
		HideSolutionNode = FALSE
	EndGlobalSection
	GlobalSection(ExtensibilityGlobals) = postSolution
		SolutionGuid = {FCFB66DA-4694-4532-8517-D1C1BAA8BA43}
	EndGlobalSection
EndGlobal
